// !$*UTF8*$!
{
	archiveVersion = 1;
	classes = {
	};
	objectVersion = 50;
	objects = {

/* Begin PBXBuildFile section */
		6309E41523F01891009C9B0E /* NationList.swift in Sources */ = {isa = PBXBuildFile; fileRef = 6309E41423F01891009C9B0E /* NationList.swift */; };
		6309E41723F0189D009C9B0E /* NationDetail.swift in Sources */ = {isa = PBXBuildFile; fileRef = 6309E41623F0189D009C9B0E /* NationDetail.swift */; };
		6309E41923F018A4009C9B0E /* NationRow.swift in Sources */ = {isa = PBXBuildFile; fileRef = 6309E41823F018A4009C9B0E /* NationRow.swift */; };
		6309E41E23F01947009C9B0E /* Data.swift in Sources */ = {isa = PBXBuildFile; fileRef = 6309E41D23F01947009C9B0E /* Data.swift */; };
		6309E42023F019A4009C9B0E /* Nation.swift in Sources */ = {isa = PBXBuildFile; fileRef = 6309E41F23F019A4009C9B0E /* Nation.swift */; };
		6309E42423F019CE009C9B0E /* MainScreen.swift in Sources */ = {isa = PBXBuildFile; fileRef = 6309E42323F019CE009C9B0E /* MainScreen.swift */; };
		6309E42823F01A0E009C9B0E /* Buttons.swift in Sources */ = {isa = PBXBuildFile; fileRef = 6309E42723F01A0E009C9B0E /* Buttons.swift */; };
		6309E42A23F01A2A009C9B0E /* DoubleExtensions.swift in Sources */ = {isa = PBXBuildFile; fileRef = 6309E42923F01A2A009C9B0E /* DoubleExtensions.swift */; };
		6309E42D23F01A52009C9B0E /* ProgressBar.swift in Sources */ = {isa = PBXBuildFile; fileRef = 6309E42C23F01A52009C9B0E /* ProgressBar.swift */; };
		6309E42F23F01A63009C9B0E /* FlagImage.swift in Sources */ = {isa = PBXBuildFile; fileRef = 6309E42E23F01A63009C9B0E /* FlagImage.swift */; };
		6309E43123F01A6E009C9B0E /* MapView.swift in Sources */ = {isa = PBXBuildFile; fileRef = 6309E43023F01A6E009C9B0E /* MapView.swift */; };
		6309E43323F01A7A009C9B0E /* SearchBar.swift in Sources */ = {isa = PBXBuildFile; fileRef = 6309E43223F01A7A009C9B0E /* SearchBar.swift */; };
		6309E43523F01A8E009C9B0E /* ModeSelectMapImage.swift in Sources */ = {isa = PBXBuildFile; fileRef = 6309E43423F01A8E009C9B0E /* ModeSelectMapImage.swift */; };
		6309E43723F01AAF009C9B0E /* GlobalSettings.swift in Sources */ = {isa = PBXBuildFile; fileRef = 6309E43623F01AAF009C9B0E /* GlobalSettings.swift */; };
		6309E43923F01AC7009C9B0E /* MiniFlagViews.swift in Sources */ = {isa = PBXBuildFile; fileRef = 6309E43823F01AC7009C9B0E /* MiniFlagViews.swift */; };
		6309E43B23F01B00009C9B0E /* ModeSelect.swift in Sources */ = {isa = PBXBuildFile; fileRef = 6309E43A23F01B00009C9B0E /* ModeSelect.swift */; };
		6309E43D23F01B1B009C9B0E /* CityToNameView.swift in Sources */ = {isa = PBXBuildFile; fileRef = 6309E43C23F01B1B009C9B0E /* CityToNameView.swift */; };
		6309E43F23F01B28009C9B0E /* CityToNameErrorView.swift in Sources */ = {isa = PBXBuildFile; fileRef = 6309E43E23F01B28009C9B0E /* CityToNameErrorView.swift */; };
		6309E44123F01B35009C9B0E /* NameToCityView.swift in Sources */ = {isa = PBXBuildFile; fileRef = 6309E44023F01B35009C9B0E /* NameToCityView.swift */; };
		6309E44323F01B42009C9B0E /* NameToCityErrorView.swift in Sources */ = {isa = PBXBuildFile; fileRef = 6309E44223F01B42009C9B0E /* NameToCityErrorView.swift */; };
		6309E44523F01B5F009C9B0E /* NameToFlagView.swift in Sources */ = {isa = PBXBuildFile; fileRef = 6309E44423F01B5F009C9B0E /* NameToFlagView.swift */; };
		6309E44723F01B6D009C9B0E /* NameToFlagErrorView.swift in Sources */ = {isa = PBXBuildFile; fileRef = 6309E44623F01B6D009C9B0E /* NameToFlagErrorView.swift */; };
		6309E44923F01B7F009C9B0E /* FlagToNameView.swift in Sources */ = {isa = PBXBuildFile; fileRef = 6309E44823F01B7F009C9B0E /* FlagToNameView.swift */; };
		6309E44B23F01B8B009C9B0E /* FlagToNameErrorView.swift in Sources */ = {isa = PBXBuildFile; fileRef = 6309E44A23F01B8B009C9B0E /* FlagToNameErrorView.swift */; };
		6309E45423F01DDD009C9B0E /* Localizable.strings in Resources */ = {isa = PBXBuildFile; fileRef = 6309E45623F01DDD009C9B0E /* Localizable.strings */; };
		6309E45A23F01E1D009C9B0E /* InfoPlist.strings in Resources */ = {isa = PBXBuildFile; fileRef = 6309E45C23F01E1D009C9B0E /* InfoPlist.strings */; };
		6309E46023F01E56009C9B0E /* Nations.json in Resources */ = {isa = PBXBuildFile; fileRef = 6309E45F23F01E56009C9B0E /* Nations.json */; };
		630B65AD26411D8000D5E2F0 /* GameModeViewModel.swift in Sources */ = {isa = PBXBuildFile; fileRef = 630B65AC26411D8000D5E2F0 /* GameModeViewModel.swift */; };
		630B65AF264122C300D5E2F0 /* MapRegion.swift in Sources */ = {isa = PBXBuildFile; fileRef = 630B65AE264122C300D5E2F0 /* MapRegion.swift */; };
		6321B60D23E07CE700DC745D /* Assets.xcassets in Resources */ = {isa = PBXBuildFile; fileRef = 6321B60C23E07CE700DC745D /* Assets.xcassets */; };
		6321B61023E07CE700DC745D /* Preview Assets.xcassets in Resources */ = {isa = PBXBuildFile; fileRef = 6321B60F23E07CE700DC745D /* Preview Assets.xcassets */; };
		6331BB7925E2E7300027F3EC /* Nations.json in Resources */ = {isa = PBXBuildFile; fileRef = 6309E45F23F01E56009C9B0E /* Nations.json */; };
		6331BB7C25E2E7630027F3EC /* Data.swift in Sources */ = {isa = PBXBuildFile; fileRef = 6309E41D23F01947009C9B0E /* Data.swift */; };
		63694A9E26064512008A8703 /* NationListViewModel.swift in Sources */ = {isa = PBXBuildFile; fileRef = 63694A9D26064512008A8703 /* NationListViewModel.swift */; };
		636CFA7024DD4E2F000C93EB /* AppStoreReviewPrompt.swift in Sources */ = {isa = PBXBuildFile; fileRef = 636CFA6F24DD4E2F000C93EB /* AppStoreReviewPrompt.swift */; };
		63702AC62520EADA00101EA8 /* NationFlagsApp.swift in Sources */ = {isa = PBXBuildFile; fileRef = 63702AC52520EADA00101EA8 /* NationFlagsApp.swift */; };
		63719BB42641784A00D192B7 /* GameViewModel.swift in Sources */ = {isa = PBXBuildFile; fileRef = 63719BB32641784A00D192B7 /* GameViewModel.swift */; };
		63719BB726418EAF00D192B7 /* TimerManager.swift in Sources */ = {isa = PBXBuildFile; fileRef = 63719BB626418EAF00D192B7 /* TimerManager.swift */; };
		63719BB926419E0100D192B7 /* OptionButtonStyle.swift in Sources */ = {isa = PBXBuildFile; fileRef = 63719BB826419E0100D192B7 /* OptionButtonStyle.swift */; };
		6380707424069519006EB5E1 /* MapSelectView.swift in Sources */ = {isa = PBXBuildFile; fileRef = 6380707324069519006EB5E1 /* MapSelectView.swift */; };
		63807076240695B9006EB5E1 /* AnyTransition.swift in Sources */ = {isa = PBXBuildFile; fileRef = 63807075240695B9006EB5E1 /* AnyTransition.swift */; };
		6380707A240807FD006EB5E1 /* ModeScrollView.swift in Sources */ = {isa = PBXBuildFile; fileRef = 63807079240807FD006EB5E1 /* ModeScrollView.swift */; };
		6380707C240AD841006EB5E1 /* NameToFlagLearnView.swift in Sources */ = {isa = PBXBuildFile; fileRef = 6380707B240AD841006EB5E1 /* NameToFlagLearnView.swift */; };
		63A053B32401A378005909CD /* SearchButton.swift in Sources */ = {isa = PBXBuildFile; fileRef = 63A053B22401A378005909CD /* SearchButton.swift */; };
		63A3520B240BBF03009B636A /* FlagToNameLearnView.swift in Sources */ = {isa = PBXBuildFile; fileRef = 63A3520A240BBF03009B636A /* FlagToNameLearnView.swift */; };
		63A3520D240BCB6A009B636A /* CityToNameLearnView.swift in Sources */ = {isa = PBXBuildFile; fileRef = 63A3520C240BCB6A009B636A /* CityToNameLearnView.swift */; };
		63A3520F240BCB89009B636A /* NameToCityLearnView.swift in Sources */ = {isa = PBXBuildFile; fileRef = 63A3520E240BCB89009B636A /* NameToCityLearnView.swift */; };
		63A5AF452643119F00B3BB8A /* FlagButtonStyle.swift in Sources */ = {isa = PBXBuildFile; fileRef = 63A5AF442643119F00B3BB8A /* FlagButtonStyle.swift */; };
		63A5AF482643D15600B3BB8A /* GameConditionalFlagView.swift in Sources */ = {isa = PBXBuildFile; fileRef = 63A5AF472643D15600B3BB8A /* GameConditionalFlagView.swift */; };
		63A5AF4B26444E7B00B3BB8A /* GameModeRowView.swift in Sources */ = {isa = PBXBuildFile; fileRef = 63A5AF4A26444E7B00B3BB8A /* GameModeRowView.swift */; };
		63E58B4F2520B88C00B4702C /* GameCenter.swift in Sources */ = {isa = PBXBuildFile; fileRef = 63E58B4E2520B88C00B4702C /* GameCenter.swift */; };
		63EFEE9C254B00D80031A325 /* WidgetKit.framework in Frameworks */ = {isa = PBXBuildFile; fileRef = 63EFEE9B254B00D80031A325 /* WidgetKit.framework */; };
		63EFEE9E254B00D80031A325 /* SwiftUI.framework in Frameworks */ = {isa = PBXBuildFile; fileRef = 63EFEE9D254B00D80031A325 /* SwiftUI.framework */; };
		63EFEEA1254B00D80031A325 /* NationWidget.swift in Sources */ = {isa = PBXBuildFile; fileRef = 63EFEEA0254B00D80031A325 /* NationWidget.swift */; };
		63EFEEA4254B00DA0031A325 /* Assets.xcassets in Resources */ = {isa = PBXBuildFile; fileRef = 63EFEEA3254B00DA0031A325 /* Assets.xcassets */; };
		63EFEEAA254B00DA0031A325 /* NationWidgetExtension.appex in Embed App Extensions */ = {isa = PBXBuildFile; fileRef = 63EFEE99254B00D80031A325 /* NationWidgetExtension.appex */; settings = {ATTRIBUTES = (RemoveHeadersOnCopy, ); }; };
		63EFEEB1254B01770031A325 /* Nation.swift in Sources */ = {isa = PBXBuildFile; fileRef = 6309E41F23F019A4009C9B0E /* Nation.swift */; };
		63EFEEC5254B24440031A325 /* FlagImage.swift in Sources */ = {isa = PBXBuildFile; fileRef = 6309E42E23F01A63009C9B0E /* FlagImage.swift */; };
		63EFEED2254B348E0031A325 /* Localizable.strings in Resources */ = {isa = PBXBuildFile; fileRef = 6309E45623F01DDD009C9B0E /* Localizable.strings */; };
		63EFEED5254C25A80031A325 /* MapView.swift in Sources */ = {isa = PBXBuildFile; fileRef = 6309E43023F01A6E009C9B0E /* MapView.swift */; };
		63EFEEEA254C92C40031A325 /* NationEntry.swift in Sources */ = {isa = PBXBuildFile; fileRef = 63EFEEE4254C925B0031A325 /* NationEntry.swift */; };
		63EFEEEF254C92C80031A325 /* SmallWidgetView.swift in Sources */ = {isa = PBXBuildFile; fileRef = 63EFEEDD254C920E0031A325 /* SmallWidgetView.swift */; };
		63EFEEF8254C93120031A325 /* MediumWidgetView.swift in Sources */ = {isa = PBXBuildFile; fileRef = 63EFEEF4254C93080031A325 /* MediumWidgetView.swift */; };
		63EFEEFC254C93310031A325 /* LargeWidgetView.swift in Sources */ = {isa = PBXBuildFile; fileRef = 63EFEEFB254C93310031A325 /* LargeWidgetView.swift */; };
		63EFEF00254C93530031A325 /* NationWidgetEntryView.swift in Sources */ = {isa = PBXBuildFile; fileRef = 63EFEEFF254C93530031A325 /* NationWidgetEntryView.swift */; };
/* End PBXBuildFile section */

/* Begin PBXContainerItemProxy section */
		63EFEEA8254B00DA0031A325 /* PBXContainerItemProxy */ = {
			isa = PBXContainerItemProxy;
			containerPortal = 6321B5F823E07CE500DC745D /* Project object */;
			proxyType = 1;
			remoteGlobalIDString = 63EFEE98254B00D80031A325;
			remoteInfo = NationWidgetExtension;
		};
/* End PBXContainerItemProxy section */

/* Begin PBXCopyFilesBuildPhase section */
		63EFEEAE254B00DA0031A325 /* Embed App Extensions */ = {
			isa = PBXCopyFilesBuildPhase;
			buildActionMask = 2147483647;
			dstPath = "";
			dstSubfolderSpec = 13;
			files = (
				63EFEEAA254B00DA0031A325 /* NationWidgetExtension.appex in Embed App Extensions */,
			);
			name = "Embed App Extensions";
			runOnlyForDeploymentPostprocessing = 0;
		};
/* End PBXCopyFilesBuildPhase section */

/* Begin PBXFileReference section */
		6309E41423F01891009C9B0E /* NationList.swift */ = {isa = PBXFileReference; lastKnownFileType = sourcecode.swift; path = NationList.swift; sourceTree = "<group>"; };
		6309E41623F0189D009C9B0E /* NationDetail.swift */ = {isa = PBXFileReference; lastKnownFileType = sourcecode.swift; path = NationDetail.swift; sourceTree = "<group>"; };
		6309E41823F018A4009C9B0E /* NationRow.swift */ = {isa = PBXFileReference; lastKnownFileType = sourcecode.swift; path = NationRow.swift; sourceTree = "<group>"; };
		6309E41D23F01947009C9B0E /* Data.swift */ = {isa = PBXFileReference; lastKnownFileType = sourcecode.swift; path = Data.swift; sourceTree = "<group>"; };
		6309E41F23F019A4009C9B0E /* Nation.swift */ = {isa = PBXFileReference; lastKnownFileType = sourcecode.swift; path = Nation.swift; sourceTree = "<group>"; };
		6309E42323F019CE009C9B0E /* MainScreen.swift */ = {isa = PBXFileReference; lastKnownFileType = sourcecode.swift; path = MainScreen.swift; sourceTree = "<group>"; usesTabs = 1; };
		6309E42723F01A0E009C9B0E /* Buttons.swift */ = {isa = PBXFileReference; lastKnownFileType = sourcecode.swift; path = Buttons.swift; sourceTree = "<group>"; };
		6309E42923F01A2A009C9B0E /* DoubleExtensions.swift */ = {isa = PBXFileReference; lastKnownFileType = sourcecode.swift; path = DoubleExtensions.swift; sourceTree = "<group>"; };
		6309E42C23F01A52009C9B0E /* ProgressBar.swift */ = {isa = PBXFileReference; lastKnownFileType = sourcecode.swift; path = ProgressBar.swift; sourceTree = "<group>"; };
		6309E42E23F01A63009C9B0E /* FlagImage.swift */ = {isa = PBXFileReference; lastKnownFileType = sourcecode.swift; path = FlagImage.swift; sourceTree = "<group>"; };
		6309E43023F01A6E009C9B0E /* MapView.swift */ = {isa = PBXFileReference; lastKnownFileType = sourcecode.swift; path = MapView.swift; sourceTree = "<group>"; };
		6309E43223F01A7A009C9B0E /* SearchBar.swift */ = {isa = PBXFileReference; lastKnownFileType = sourcecode.swift; path = SearchBar.swift; sourceTree = "<group>"; };
		6309E43423F01A8E009C9B0E /* ModeSelectMapImage.swift */ = {isa = PBXFileReference; lastKnownFileType = sourcecode.swift; path = ModeSelectMapImage.swift; sourceTree = "<group>"; };
		6309E43623F01AAF009C9B0E /* GlobalSettings.swift */ = {isa = PBXFileReference; lastKnownFileType = sourcecode.swift; path = GlobalSettings.swift; sourceTree = "<group>"; };
		6309E43823F01AC7009C9B0E /* MiniFlagViews.swift */ = {isa = PBXFileReference; lastKnownFileType = sourcecode.swift; path = MiniFlagViews.swift; sourceTree = "<group>"; };
		6309E43A23F01B00009C9B0E /* ModeSelect.swift */ = {isa = PBXFileReference; lastKnownFileType = sourcecode.swift; path = ModeSelect.swift; sourceTree = "<group>"; };
		6309E43C23F01B1B009C9B0E /* CityToNameView.swift */ = {isa = PBXFileReference; lastKnownFileType = sourcecode.swift; path = CityToNameView.swift; sourceTree = "<group>"; };
		6309E43E23F01B28009C9B0E /* CityToNameErrorView.swift */ = {isa = PBXFileReference; lastKnownFileType = sourcecode.swift; path = CityToNameErrorView.swift; sourceTree = "<group>"; };
		6309E44023F01B35009C9B0E /* NameToCityView.swift */ = {isa = PBXFileReference; lastKnownFileType = sourcecode.swift; path = NameToCityView.swift; sourceTree = "<group>"; };
		6309E44223F01B42009C9B0E /* NameToCityErrorView.swift */ = {isa = PBXFileReference; lastKnownFileType = sourcecode.swift; path = NameToCityErrorView.swift; sourceTree = "<group>"; };
		6309E44423F01B5F009C9B0E /* NameToFlagView.swift */ = {isa = PBXFileReference; lastKnownFileType = sourcecode.swift; path = NameToFlagView.swift; sourceTree = "<group>"; };
		6309E44623F01B6D009C9B0E /* NameToFlagErrorView.swift */ = {isa = PBXFileReference; lastKnownFileType = sourcecode.swift; path = NameToFlagErrorView.swift; sourceTree = "<group>"; };
		6309E44823F01B7F009C9B0E /* FlagToNameView.swift */ = {isa = PBXFileReference; lastKnownFileType = sourcecode.swift; path = FlagToNameView.swift; sourceTree = "<group>"; };
		6309E44A23F01B8B009C9B0E /* FlagToNameErrorView.swift */ = {isa = PBXFileReference; lastKnownFileType = sourcecode.swift; path = FlagToNameErrorView.swift; sourceTree = "<group>"; };
		6309E44E23F01D0E009C9B0E /* Info.plist */ = {isa = PBXFileReference; fileEncoding = 4; lastKnownFileType = text.plist.xml; path = Info.plist; sourceTree = "<group>"; };
		6309E45523F01DDD009C9B0E /* en */ = {isa = PBXFileReference; lastKnownFileType = text.plist.strings; name = en; path = en.lproj/Localizable.strings; sourceTree = "<group>"; };
		6309E45723F01DED009C9B0E /* cs */ = {isa = PBXFileReference; lastKnownFileType = text.plist.strings; name = cs; path = cs.lproj/Localizable.strings; sourceTree = "<group>"; };
		6309E45B23F01E1D009C9B0E /* en */ = {isa = PBXFileReference; lastKnownFileType = text.plist.strings; name = en; path = en.lproj/InfoPlist.strings; sourceTree = "<group>"; };
		6309E45D23F01E20009C9B0E /* cs */ = {isa = PBXFileReference; lastKnownFileType = text.plist.strings; name = cs; path = cs.lproj/InfoPlist.strings; sourceTree = "<group>"; };
		6309E45F23F01E56009C9B0E /* Nations.json */ = {isa = PBXFileReference; lastKnownFileType = text.json; path = Nations.json; sourceTree = "<group>"; };
		630B65AC26411D8000D5E2F0 /* GameModeViewModel.swift */ = {isa = PBXFileReference; lastKnownFileType = sourcecode.swift; path = GameModeViewModel.swift; sourceTree = "<group>"; };
		630B65AE264122C300D5E2F0 /* MapRegion.swift */ = {isa = PBXFileReference; lastKnownFileType = sourcecode.swift; path = MapRegion.swift; sourceTree = "<group>"; };
		6321B60023E07CE500DC745D /* NationFlags.app */ = {isa = PBXFileReference; explicitFileType = wrapper.application; includeInIndex = 0; path = NationFlags.app; sourceTree = BUILT_PRODUCTS_DIR; };
		6321B60C23E07CE700DC745D /* Assets.xcassets */ = {isa = PBXFileReference; lastKnownFileType = folder.assetcatalog; path = Assets.xcassets; sourceTree = "<group>"; };
		6321B60F23E07CE700DC745D /* Preview Assets.xcassets */ = {isa = PBXFileReference; lastKnownFileType = folder.assetcatalog; path = "Preview Assets.xcassets"; sourceTree = "<group>"; };
		63694A9D26064512008A8703 /* NationListViewModel.swift */ = {isa = PBXFileReference; lastKnownFileType = sourcecode.swift; path = NationListViewModel.swift; sourceTree = "<group>"; };
		636CFA6F24DD4E2F000C93EB /* AppStoreReviewPrompt.swift */ = {isa = PBXFileReference; lastKnownFileType = sourcecode.swift; path = AppStoreReviewPrompt.swift; sourceTree = "<group>"; };
		63702AC52520EADA00101EA8 /* NationFlagsApp.swift */ = {isa = PBXFileReference; lastKnownFileType = sourcecode.swift; path = NationFlagsApp.swift; sourceTree = "<group>"; };
		63719BB32641784A00D192B7 /* GameViewModel.swift */ = {isa = PBXFileReference; lastKnownFileType = sourcecode.swift; path = GameViewModel.swift; sourceTree = "<group>"; };
		63719BB626418EAF00D192B7 /* TimerManager.swift */ = {isa = PBXFileReference; lastKnownFileType = sourcecode.swift; path = TimerManager.swift; sourceTree = "<group>"; };
		63719BB826419E0100D192B7 /* OptionButtonStyle.swift */ = {isa = PBXFileReference; lastKnownFileType = sourcecode.swift; path = OptionButtonStyle.swift; sourceTree = "<group>"; };
		6380707324069519006EB5E1 /* MapSelectView.swift */ = {isa = PBXFileReference; lastKnownFileType = sourcecode.swift; path = MapSelectView.swift; sourceTree = "<group>"; };
		63807075240695B9006EB5E1 /* AnyTransition.swift */ = {isa = PBXFileReference; lastKnownFileType = sourcecode.swift; path = AnyTransition.swift; sourceTree = "<group>"; };
		63807079240807FD006EB5E1 /* ModeScrollView.swift */ = {isa = PBXFileReference; lastKnownFileType = sourcecode.swift; path = ModeScrollView.swift; sourceTree = "<group>"; };
		6380707B240AD841006EB5E1 /* NameToFlagLearnView.swift */ = {isa = PBXFileReference; lastKnownFileType = sourcecode.swift; path = NameToFlagLearnView.swift; sourceTree = "<group>"; };
		63A053B22401A378005909CD /* SearchButton.swift */ = {isa = PBXFileReference; lastKnownFileType = sourcecode.swift; path = SearchButton.swift; sourceTree = "<group>"; };
		63A3520A240BBF03009B636A /* FlagToNameLearnView.swift */ = {isa = PBXFileReference; lastKnownFileType = sourcecode.swift; path = FlagToNameLearnView.swift; sourceTree = "<group>"; };
		63A3520C240BCB6A009B636A /* CityToNameLearnView.swift */ = {isa = PBXFileReference; lastKnownFileType = sourcecode.swift; path = CityToNameLearnView.swift; sourceTree = "<group>"; };
		63A3520E240BCB89009B636A /* NameToCityLearnView.swift */ = {isa = PBXFileReference; lastKnownFileType = sourcecode.swift; path = NameToCityLearnView.swift; sourceTree = "<group>"; };
		63A5AF442643119F00B3BB8A /* FlagButtonStyle.swift */ = {isa = PBXFileReference; lastKnownFileType = sourcecode.swift; path = FlagButtonStyle.swift; sourceTree = "<group>"; };
		63A5AF472643D15600B3BB8A /* GameConditionalFlagView.swift */ = {isa = PBXFileReference; lastKnownFileType = sourcecode.swift; path = GameConditionalFlagView.swift; sourceTree = "<group>"; };
		63A5AF4A26444E7B00B3BB8A /* GameModeRowView.swift */ = {isa = PBXFileReference; lastKnownFileType = sourcecode.swift; path = GameModeRowView.swift; sourceTree = "<group>"; };
		63E58B4E2520B88C00B4702C /* GameCenter.swift */ = {isa = PBXFileReference; lastKnownFileType = sourcecode.swift; path = GameCenter.swift; sourceTree = "<group>"; };
		63EFEE93254B00240031A325 /* NationFlags.entitlements */ = {isa = PBXFileReference; lastKnownFileType = text.plist.entitlements; path = NationFlags.entitlements; sourceTree = "<group>"; };
		63EFEE99254B00D80031A325 /* NationWidgetExtension.appex */ = {isa = PBXFileReference; explicitFileType = "wrapper.app-extension"; includeInIndex = 0; path = NationWidgetExtension.appex; sourceTree = BUILT_PRODUCTS_DIR; };
		63EFEE9B254B00D80031A325 /* WidgetKit.framework */ = {isa = PBXFileReference; lastKnownFileType = wrapper.framework; name = WidgetKit.framework; path = System/Library/Frameworks/WidgetKit.framework; sourceTree = SDKROOT; };
		63EFEE9D254B00D80031A325 /* SwiftUI.framework */ = {isa = PBXFileReference; lastKnownFileType = wrapper.framework; name = SwiftUI.framework; path = System/Library/Frameworks/SwiftUI.framework; sourceTree = SDKROOT; };
		63EFEEA0254B00D80031A325 /* NationWidget.swift */ = {isa = PBXFileReference; lastKnownFileType = sourcecode.swift; path = NationWidget.swift; sourceTree = "<group>"; };
		63EFEEA3254B00DA0031A325 /* Assets.xcassets */ = {isa = PBXFileReference; lastKnownFileType = folder.assetcatalog; path = Assets.xcassets; sourceTree = "<group>"; };
		63EFEEA5254B00DA0031A325 /* Info.plist */ = {isa = PBXFileReference; lastKnownFileType = text.plist.xml; path = Info.plist; sourceTree = "<group>"; };
		63EFEEBD254B03AB0031A325 /* NationWidgetExtension.entitlements */ = {isa = PBXFileReference; lastKnownFileType = text.plist.entitlements; path = NationWidgetExtension.entitlements; sourceTree = "<group>"; };
		63EFEEDD254C920E0031A325 /* SmallWidgetView.swift */ = {isa = PBXFileReference; lastKnownFileType = sourcecode.swift; path = SmallWidgetView.swift; sourceTree = "<group>"; };
		63EFEEE4254C925B0031A325 /* NationEntry.swift */ = {isa = PBXFileReference; lastKnownFileType = sourcecode.swift; path = NationEntry.swift; sourceTree = "<group>"; };
		63EFEEF4254C93080031A325 /* MediumWidgetView.swift */ = {isa = PBXFileReference; lastKnownFileType = sourcecode.swift; path = MediumWidgetView.swift; sourceTree = "<group>"; };
		63EFEEFB254C93310031A325 /* LargeWidgetView.swift */ = {isa = PBXFileReference; lastKnownFileType = sourcecode.swift; path = LargeWidgetView.swift; sourceTree = "<group>"; };
		63EFEEFF254C93530031A325 /* NationWidgetEntryView.swift */ = {isa = PBXFileReference; lastKnownFileType = sourcecode.swift; path = NationWidgetEntryView.swift; sourceTree = "<group>"; };
/* End PBXFileReference section */

/* Begin PBXFrameworksBuildPhase section */
		6321B5FD23E07CE500DC745D /* Frameworks */ = {
			isa = PBXFrameworksBuildPhase;
			buildActionMask = 2147483647;
			files = (
			);
			runOnlyForDeploymentPostprocessing = 0;
		};
		63EFEE96254B00D80031A325 /* Frameworks */ = {
			isa = PBXFrameworksBuildPhase;
			buildActionMask = 2147483647;
			files = (
				63EFEE9E254B00D80031A325 /* SwiftUI.framework in Frameworks */,
				63EFEE9C254B00D80031A325 /* WidgetKit.framework in Frameworks */,
			);
			runOnlyForDeploymentPostprocessing = 0;
		};
/* End PBXFrameworksBuildPhase section */

/* Begin PBXGroup section */
		6309E41123F01864009C9B0E /* ListViews */ = {
			isa = PBXGroup;
			children = (
				630B65B026415CA200D5E2F0 /* SubViews */,
				6309E41423F01891009C9B0E /* NationList.swift */,
				6309E41623F0189D009C9B0E /* NationDetail.swift */,
				6309E41823F018A4009C9B0E /* NationRow.swift */,
			);
			path = ListViews;
			sourceTree = "<group>";
		};
		6309E41323F01877009C9B0E /* GameViews */ = {
			isa = PBXGroup;
			children = (
				63807078240807E8006EB5E1 /* ModeSelect */,
				6309E42223F019BF009C9B0E /* Flags */,
				6309E42123F019BA009C9B0E /* Cities */,
			);
			path = GameViews;
			sourceTree = "<group>";
		};
		6309E41A23F018D4009C9B0E /* Models */ = {
			isa = PBXGroup;
			children = (
				6309E43623F01AAF009C9B0E /* GlobalSettings.swift */,
				6309E41D23F01947009C9B0E /* Data.swift */,
				6309E41F23F019A4009C9B0E /* Nation.swift */,
				6309E45C23F01E1D009C9B0E /* InfoPlist.strings */,
				63E58B4E2520B88C00B4702C /* GameCenter.swift */,
				630B65AE264122C300D5E2F0 /* MapRegion.swift */,
			);
			path = Models;
			sourceTree = "<group>";
		};
		6309E41B23F018ED009C9B0E /* Views */ = {
			isa = PBXGroup;
			children = (
				6309E42323F019CE009C9B0E /* MainScreen.swift */,
				6309E41323F01877009C9B0E /* GameViews */,
				6309E41123F01864009C9B0E /* ListViews */,
				6309E42B23F01A44009C9B0E /* Shared */,
			);
			path = Views;
			sourceTree = "<group>";
		};
		6309E42123F019BA009C9B0E /* Cities */ = {
			isa = PBXGroup;
			children = (
				6309E43C23F01B1B009C9B0E /* CityToNameView.swift */,
				6309E43E23F01B28009C9B0E /* CityToNameErrorView.swift */,
				63A3520C240BCB6A009B636A /* CityToNameLearnView.swift */,
				6309E44023F01B35009C9B0E /* NameToCityView.swift */,
				6309E44223F01B42009C9B0E /* NameToCityErrorView.swift */,
				63A3520E240BCB89009B636A /* NameToCityLearnView.swift */,
			);
			path = Cities;
			sourceTree = "<group>";
		};
		6309E42223F019BF009C9B0E /* Flags */ = {
			isa = PBXGroup;
			children = (
				63A5AF462643D14200B3BB8A /* SubViews */,
				6309E44423F01B5F009C9B0E /* NameToFlagView.swift */,
				6309E44623F01B6D009C9B0E /* NameToFlagErrorView.swift */,
				6380707B240AD841006EB5E1 /* NameToFlagLearnView.swift */,
				6309E44823F01B7F009C9B0E /* FlagToNameView.swift */,
				6309E44A23F01B8B009C9B0E /* FlagToNameErrorView.swift */,
				63A3520A240BBF03009B636A /* FlagToNameLearnView.swift */,
			);
			path = Flags;
			sourceTree = "<group>";
		};
		6309E42523F019E3009C9B0E /* Extension */ = {
			isa = PBXGroup;
			children = (
				6309E42923F01A2A009C9B0E /* DoubleExtensions.swift */,
				63807075240695B9006EB5E1 /* AnyTransition.swift */,
			);
			path = Extension;
			sourceTree = "<group>";
		};
		6309E42623F019F9009C9B0E /* Modifiers */ = {
			isa = PBXGroup;
			children = (
				6309E42723F01A0E009C9B0E /* Buttons.swift */,
				63719BB826419E0100D192B7 /* OptionButtonStyle.swift */,
				63A5AF442643119F00B3BB8A /* FlagButtonStyle.swift */,
			);
			path = Modifiers;
			sourceTree = "<group>";
		};
		6309E42B23F01A44009C9B0E /* Shared */ = {
			isa = PBXGroup;
			children = (
				6309E42C23F01A52009C9B0E /* ProgressBar.swift */,
				6309E42E23F01A63009C9B0E /* FlagImage.swift */,
				6309E43023F01A6E009C9B0E /* MapView.swift */,
				6309E43823F01AC7009C9B0E /* MiniFlagViews.swift */,
			);
			path = Shared;
			sourceTree = "<group>";
		};
		6309E45E23F01E48009C9B0E /* Resources */ = {
			isa = PBXGroup;
			children = (
				6309E45623F01DDD009C9B0E /* Localizable.strings */,
				6309E45F23F01E56009C9B0E /* Nations.json */,
			);
			path = Resources;
			sourceTree = "<group>";
		};
		630B65B026415CA200D5E2F0 /* SubViews */ = {
			isa = PBXGroup;
			children = (
				6309E43223F01A7A009C9B0E /* SearchBar.swift */,
				63A053B22401A378005909CD /* SearchButton.swift */,
			);
			path = SubViews;
			sourceTree = "<group>";
		};
		6321B5F723E07CE500DC745D = {
			isa = PBXGroup;
			children = (
				63EFEEBD254B03AB0031A325 /* NationWidgetExtension.entitlements */,
				6321B60223E07CE500DC745D /* NationFlags */,
				63EFEE9F254B00D80031A325 /* NationWidget */,
				63EFEE9A254B00D80031A325 /* Frameworks */,
				6321B60123E07CE500DC745D /* Products */,
			);
			sourceTree = "<group>";
		};
		6321B60123E07CE500DC745D /* Products */ = {
			isa = PBXGroup;
			children = (
				6321B60023E07CE500DC745D /* NationFlags.app */,
				63EFEE99254B00D80031A325 /* NationWidgetExtension.appex */,
			);
			name = Products;
			sourceTree = "<group>";
		};
		6321B60223E07CE500DC745D /* NationFlags */ = {
			isa = PBXGroup;
			children = (
				63EFEE93254B00240031A325 /* NationFlags.entitlements */,
				63702AC52520EADA00101EA8 /* NationFlagsApp.swift */,
				6321B60C23E07CE700DC745D /* Assets.xcassets */,
				6309E44E23F01D0E009C9B0E /* Info.plist */,
				63719BB526418E9600D192B7 /* Helpers */,
				6309E42623F019F9009C9B0E /* Modifiers */,
				6309E42523F019E3009C9B0E /* Extension */,
				63694A9C260644FD008A8703 /* ViewModels */,
				6309E41A23F018D4009C9B0E /* Models */,
				6309E41B23F018ED009C9B0E /* Views */,
				6309E45E23F01E48009C9B0E /* Resources */,
				6321B60E23E07CE700DC745D /* Preview Content */,
			);
			path = NationFlags;
			sourceTree = "<group>";
		};
		6321B60E23E07CE700DC745D /* Preview Content */ = {
			isa = PBXGroup;
			children = (
				6321B60F23E07CE700DC745D /* Preview Assets.xcassets */,
			);
			path = "Preview Content";
			sourceTree = "<group>";
		};
		63694A9C260644FD008A8703 /* ViewModels */ = {
			isa = PBXGroup;
			children = (
				63694A9D26064512008A8703 /* NationListViewModel.swift */,
				630B65AC26411D8000D5E2F0 /* GameModeViewModel.swift */,
				63719BB32641784A00D192B7 /* GameViewModel.swift */,
			);
			path = ViewModels;
			sourceTree = "<group>";
		};
		63719BB526418E9600D192B7 /* Helpers */ = {
			isa = PBXGroup;
			children = (
				636CFA6F24DD4E2F000C93EB /* AppStoreReviewPrompt.swift */,
				63719BB626418EAF00D192B7 /* TimerManager.swift */,
			);
			path = Helpers;
			sourceTree = "<group>";
		};
		63807078240807E8006EB5E1 /* ModeSelect */ = {
			isa = PBXGroup;
			children = (
				63A5AF4926444E7100B3BB8A /* SubViews */,
				6309E43A23F01B00009C9B0E /* ModeSelect.swift */,
			);
			path = ModeSelect;
			sourceTree = "<group>";
		};
		63A5AF462643D14200B3BB8A /* SubViews */ = {
			isa = PBXGroup;
			children = (
				63A5AF472643D15600B3BB8A /* GameConditionalFlagView.swift */,
			);
			path = SubViews;
			sourceTree = "<group>";
		};
		63A5AF4926444E7100B3BB8A /* SubViews */ = {
			isa = PBXGroup;
			children = (
				63807079240807FD006EB5E1 /* ModeScrollView.swift */,
				6309E43423F01A8E009C9B0E /* ModeSelectMapImage.swift */,
				6380707324069519006EB5E1 /* MapSelectView.swift */,
				63A5AF4A26444E7B00B3BB8A /* GameModeRowView.swift */,
			);
			path = SubViews;
			sourceTree = "<group>";
		};
		63EFEE9A254B00D80031A325 /* Frameworks */ = {
			isa = PBXGroup;
			children = (
				63EFEE9B254B00D80031A325 /* WidgetKit.framework */,
				63EFEE9D254B00D80031A325 /* SwiftUI.framework */,
			);
			name = Frameworks;
			sourceTree = "<group>";
		};
		63EFEE9F254B00D80031A325 /* NationWidget */ = {
			isa = PBXGroup;
			children = (
				63EFEEE3254C924F0031A325 /* Models */,
				63EFEEDC254C91FD0031A325 /* Views */,
				63EFEEA0254B00D80031A325 /* NationWidget.swift */,
				63EFEEA3254B00DA0031A325 /* Assets.xcassets */,
				63EFEEA5254B00DA0031A325 /* Info.plist */,
			);
			path = NationWidget;
			sourceTree = "<group>";
		};
		63EFEEDC254C91FD0031A325 /* Views */ = {
			isa = PBXGroup;
			children = (
				63EFEEFF254C93530031A325 /* NationWidgetEntryView.swift */,
				63EFEEDD254C920E0031A325 /* SmallWidgetView.swift */,
				63EFEEF4254C93080031A325 /* MediumWidgetView.swift */,
				63EFEEFB254C93310031A325 /* LargeWidgetView.swift */,
			);
			path = Views;
			sourceTree = "<group>";
		};
		63EFEEE3254C924F0031A325 /* Models */ = {
			isa = PBXGroup;
			children = (
				63EFEEE4254C925B0031A325 /* NationEntry.swift */,
			);
			path = Models;
			sourceTree = "<group>";
		};
/* End PBXGroup section */

/* Begin PBXNativeTarget section */
		6321B5FF23E07CE500DC745D /* NationFlags */ = {
			isa = PBXNativeTarget;
			buildConfigurationList = 6321B61723E07CE700DC745D /* Build configuration list for PBXNativeTarget "NationFlags" */;
			buildPhases = (
				6321B5FC23E07CE500DC745D /* Sources */,
				6321B5FD23E07CE500DC745D /* Frameworks */,
				6321B5FE23E07CE500DC745D /* Resources */,
				63EFEEAE254B00DA0031A325 /* Embed App Extensions */,
			);
			buildRules = (
			);
			dependencies = (
				63EFEEA9254B00DA0031A325 /* PBXTargetDependency */,
			);
			name = NationFlags;
			productName = NationFlags;
			productReference = 6321B60023E07CE500DC745D /* NationFlags.app */;
			productType = "com.apple.product-type.application";
		};
		63EFEE98254B00D80031A325 /* NationWidgetExtension */ = {
			isa = PBXNativeTarget;
			buildConfigurationList = 63EFEEAB254B00DA0031A325 /* Build configuration list for PBXNativeTarget "NationWidgetExtension" */;
			buildPhases = (
				63EFEE95254B00D80031A325 /* Sources */,
				63EFEE96254B00D80031A325 /* Frameworks */,
				63EFEE97254B00D80031A325 /* Resources */,
			);
			buildRules = (
			);
			dependencies = (
			);
			name = NationWidgetExtension;
			productName = NationWidgetExtension;
			productReference = 63EFEE99254B00D80031A325 /* NationWidgetExtension.appex */;
			productType = "com.apple.product-type.app-extension";
		};
/* End PBXNativeTarget section */

/* Begin PBXProject section */
		6321B5F823E07CE500DC745D /* Project object */ = {
			isa = PBXProject;
			attributes = {
				LastSwiftUpdateCheck = 1200;
				LastUpgradeCheck = 1200;
				ORGANIZATIONNAME = "Martin Václavík";
				TargetAttributes = {
					6321B5FF23E07CE500DC745D = {
						CreatedOnToolsVersion = 11.3.1;
					};
					63EFEE98254B00D80031A325 = {
						CreatedOnToolsVersion = 12.0.1;
					};
				};
			};
			buildConfigurationList = 6321B5FB23E07CE500DC745D /* Build configuration list for PBXProject "NationFlags" */;
			compatibilityVersion = "Xcode 9.3";
			developmentRegion = en;
			hasScannedForEncodings = 0;
			knownRegions = (
				en,
				cs,
				Base,
			);
			mainGroup = 6321B5F723E07CE500DC745D;
			productRefGroup = 6321B60123E07CE500DC745D /* Products */;
			projectDirPath = "";
			projectRoot = "";
			targets = (
				6321B5FF23E07CE500DC745D /* NationFlags */,
				63EFEE98254B00D80031A325 /* NationWidgetExtension */,
			);
		};
/* End PBXProject section */

/* Begin PBXResourcesBuildPhase section */
		6321B5FE23E07CE500DC745D /* Resources */ = {
			isa = PBXResourcesBuildPhase;
			buildActionMask = 2147483647;
			files = (
				6309E45423F01DDD009C9B0E /* Localizable.strings in Resources */,
				6309E45A23F01E1D009C9B0E /* InfoPlist.strings in Resources */,
				6321B61023E07CE700DC745D /* Preview Assets.xcassets in Resources */,
				6309E46023F01E56009C9B0E /* Nations.json in Resources */,
				6321B60D23E07CE700DC745D /* Assets.xcassets in Resources */,
			);
			runOnlyForDeploymentPostprocessing = 0;
		};
		63EFEE97254B00D80031A325 /* Resources */ = {
			isa = PBXResourcesBuildPhase;
			buildActionMask = 2147483647;
			files = (
				6331BB7925E2E7300027F3EC /* Nations.json in Resources */,
				63EFEEA4254B00DA0031A325 /* Assets.xcassets in Resources */,
				63EFEED2254B348E0031A325 /* Localizable.strings in Resources */,
			);
			runOnlyForDeploymentPostprocessing = 0;
		};
/* End PBXResourcesBuildPhase section */

/* Begin PBXSourcesBuildPhase section */
		6321B5FC23E07CE500DC745D /* Sources */ = {
			isa = PBXSourcesBuildPhase;
			buildActionMask = 2147483647;
			files = (
				6309E42023F019A4009C9B0E /* Nation.swift in Sources */,
				63A3520B240BBF03009B636A /* FlagToNameLearnView.swift in Sources */,
				63A3520F240BCB89009B636A /* NameToCityLearnView.swift in Sources */,
				6309E41E23F01947009C9B0E /* Data.swift in Sources */,
				6309E43323F01A7A009C9B0E /* SearchBar.swift in Sources */,
				6309E42F23F01A63009C9B0E /* FlagImage.swift in Sources */,
				63719BB42641784A00D192B7 /* GameViewModel.swift in Sources */,
				6309E43B23F01B00009C9B0E /* ModeSelect.swift in Sources */,
				6309E42A23F01A2A009C9B0E /* DoubleExtensions.swift in Sources */,
				6309E43D23F01B1B009C9B0E /* CityToNameView.swift in Sources */,
				63A5AF4B26444E7B00B3BB8A /* GameModeRowView.swift in Sources */,
				6309E41923F018A4009C9B0E /* NationRow.swift in Sources */,
				6309E44923F01B7F009C9B0E /* FlagToNameView.swift in Sources */,
				63A5AF482643D15600B3BB8A /* GameConditionalFlagView.swift in Sources */,
				6380707C240AD841006EB5E1 /* NameToFlagLearnView.swift in Sources */,
				6309E43F23F01B28009C9B0E /* CityToNameErrorView.swift in Sources */,
				63807076240695B9006EB5E1 /* AnyTransition.swift in Sources */,
				63A5AF452643119F00B3BB8A /* FlagButtonStyle.swift in Sources */,
				63A3520D240BCB6A009B636A /* CityToNameLearnView.swift in Sources */,
				6309E44123F01B35009C9B0E /* NameToCityView.swift in Sources */,
				630B65AD26411D8000D5E2F0 /* GameModeViewModel.swift in Sources */,
				6309E44723F01B6D009C9B0E /* NameToFlagErrorView.swift in Sources */,
				630B65AF264122C300D5E2F0 /* MapRegion.swift in Sources */,
				6309E44323F01B42009C9B0E /* NameToCityErrorView.swift in Sources */,
				6309E43123F01A6E009C9B0E /* MapView.swift in Sources */,
				63A053B32401A378005909CD /* SearchButton.swift in Sources */,
				6309E43923F01AC7009C9B0E /* MiniFlagViews.swift in Sources */,
				6309E43523F01A8E009C9B0E /* ModeSelectMapImage.swift in Sources */,
				63E58B4F2520B88C00B4702C /* GameCenter.swift in Sources */,
				6309E44523F01B5F009C9B0E /* NameToFlagView.swift in Sources */,
				6380707424069519006EB5E1 /* MapSelectView.swift in Sources */,
				6309E44B23F01B8B009C9B0E /* FlagToNameErrorView.swift in Sources */,
				6309E42823F01A0E009C9B0E /* Buttons.swift in Sources */,
				63719BB926419E0100D192B7 /* OptionButtonStyle.swift in Sources */,
				6309E41523F01891009C9B0E /* NationList.swift in Sources */,
				6309E42423F019CE009C9B0E /* MainScreen.swift in Sources */,
				63694A9E26064512008A8703 /* NationListViewModel.swift in Sources */,
				63702AC62520EADA00101EA8 /* NationFlagsApp.swift in Sources */,
				6309E42D23F01A52009C9B0E /* ProgressBar.swift in Sources */,
				6309E41723F0189D009C9B0E /* NationDetail.swift in Sources */,
				636CFA7024DD4E2F000C93EB /* AppStoreReviewPrompt.swift in Sources */,
				6380707A240807FD006EB5E1 /* ModeScrollView.swift in Sources */,
				63719BB726418EAF00D192B7 /* TimerManager.swift in Sources */,
				6309E43723F01AAF009C9B0E /* GlobalSettings.swift in Sources */,
			);
			runOnlyForDeploymentPostprocessing = 0;
		};
		63EFEE95254B00D80031A325 /* Sources */ = {
			isa = PBXSourcesBuildPhase;
			buildActionMask = 2147483647;
			files = (
				63EFEEA1254B00D80031A325 /* NationWidget.swift in Sources */,
				6331BB7C25E2E7630027F3EC /* Data.swift in Sources */,
				63EFEEF8254C93120031A325 /* MediumWidgetView.swift in Sources */,
				63EFEED5254C25A80031A325 /* MapView.swift in Sources */,
				63EFEEFC254C93310031A325 /* LargeWidgetView.swift in Sources */,
				63EFEEEA254C92C40031A325 /* NationEntry.swift in Sources */,
				63EFEF00254C93530031A325 /* NationWidgetEntryView.swift in Sources */,
				63EFEEB1254B01770031A325 /* Nation.swift in Sources */,
				63EFEEC5254B24440031A325 /* FlagImage.swift in Sources */,
				63EFEEEF254C92C80031A325 /* SmallWidgetView.swift in Sources */,
			);
			runOnlyForDeploymentPostprocessing = 0;
		};
/* End PBXSourcesBuildPhase section */

/* Begin PBXTargetDependency section */
		63EFEEA9254B00DA0031A325 /* PBXTargetDependency */ = {
			isa = PBXTargetDependency;
			target = 63EFEE98254B00D80031A325 /* NationWidgetExtension */;
			targetProxy = 63EFEEA8254B00DA0031A325 /* PBXContainerItemProxy */;
		};
/* End PBXTargetDependency section */

/* Begin PBXVariantGroup section */
		6309E45623F01DDD009C9B0E /* Localizable.strings */ = {
			isa = PBXVariantGroup;
			children = (
				6309E45523F01DDD009C9B0E /* en */,
				6309E45723F01DED009C9B0E /* cs */,
			);
			name = Localizable.strings;
			sourceTree = "<group>";
		};
		6309E45C23F01E1D009C9B0E /* InfoPlist.strings */ = {
			isa = PBXVariantGroup;
			children = (
				6309E45B23F01E1D009C9B0E /* en */,
				6309E45D23F01E20009C9B0E /* cs */,
			);
			name = InfoPlist.strings;
			sourceTree = "<group>";
		};
/* End PBXVariantGroup section */

/* Begin XCBuildConfiguration section */
		6321B61523E07CE700DC745D /* Debug */ = {
			isa = XCBuildConfiguration;
			buildSettings = {
				ALWAYS_SEARCH_USER_PATHS = NO;
				CLANG_ANALYZER_LOCALIZABILITY_NONLOCALIZED = YES;
				CLANG_ANALYZER_NONNULL = YES;
				CLANG_ANALYZER_NUMBER_OBJECT_CONVERSION = YES_AGGRESSIVE;
				CLANG_CXX_LANGUAGE_STANDARD = "gnu++14";
				CLANG_CXX_LIBRARY = "libc++";
				CLANG_ENABLE_MODULES = YES;
				CLANG_ENABLE_OBJC_ARC = YES;
				CLANG_ENABLE_OBJC_WEAK = YES;
				CLANG_WARN_BLOCK_CAPTURE_AUTORELEASING = YES;
				CLANG_WARN_BOOL_CONVERSION = YES;
				CLANG_WARN_COMMA = YES;
				CLANG_WARN_CONSTANT_CONVERSION = YES;
				CLANG_WARN_DEPRECATED_OBJC_IMPLEMENTATIONS = YES;
				CLANG_WARN_DIRECT_OBJC_ISA_USAGE = YES_ERROR;
				CLANG_WARN_DOCUMENTATION_COMMENTS = YES;
				CLANG_WARN_EMPTY_BODY = YES;
				CLANG_WARN_ENUM_CONVERSION = YES;
				CLANG_WARN_INFINITE_RECURSION = YES;
				CLANG_WARN_INT_CONVERSION = YES;
				CLANG_WARN_NON_LITERAL_NULL_CONVERSION = YES;
				CLANG_WARN_OBJC_IMPLICIT_RETAIN_SELF = YES;
				CLANG_WARN_OBJC_LITERAL_CONVERSION = YES;
				CLANG_WARN_OBJC_ROOT_CLASS = YES_ERROR;
				CLANG_WARN_QUOTED_INCLUDE_IN_FRAMEWORK_HEADER = YES;
				CLANG_WARN_RANGE_LOOP_ANALYSIS = YES;
				CLANG_WARN_STRICT_PROTOTYPES = YES;
				CLANG_WARN_SUSPICIOUS_MOVE = YES;
				CLANG_WARN_UNGUARDED_AVAILABILITY = YES_AGGRESSIVE;
				CLANG_WARN_UNREACHABLE_CODE = YES;
				CLANG_WARN__DUPLICATE_METHOD_MATCH = YES;
				COPY_PHASE_STRIP = NO;
				DEBUG_INFORMATION_FORMAT = dwarf;
				ENABLE_STRICT_OBJC_MSGSEND = YES;
				ENABLE_TESTABILITY = YES;
				GCC_C_LANGUAGE_STANDARD = gnu11;
				GCC_DYNAMIC_NO_PIC = NO;
				GCC_NO_COMMON_BLOCKS = YES;
				GCC_OPTIMIZATION_LEVEL = 0;
				GCC_PREPROCESSOR_DEFINITIONS = (
					"DEBUG=1",
					"$(inherited)",
				);
				GCC_WARN_64_TO_32_BIT_CONVERSION = YES;
				GCC_WARN_ABOUT_RETURN_TYPE = YES_ERROR;
				GCC_WARN_UNDECLARED_SELECTOR = YES;
				GCC_WARN_UNINITIALIZED_AUTOS = YES_AGGRESSIVE;
				GCC_WARN_UNUSED_FUNCTION = YES;
				GCC_WARN_UNUSED_VARIABLE = YES;
				IPHONEOS_DEPLOYMENT_TARGET = 14.0;
				MTL_ENABLE_DEBUG_INFO = INCLUDE_SOURCE;
				MTL_FAST_MATH = YES;
				ONLY_ACTIVE_ARCH = YES;
				SDKROOT = iphoneos;
				SWIFT_ACTIVE_COMPILATION_CONDITIONS = DEBUG;
				SWIFT_OPTIMIZATION_LEVEL = "-Onone";
			};
			name = Debug;
		};
		6321B61623E07CE700DC745D /* Release */ = {
			isa = XCBuildConfiguration;
			buildSettings = {
				ALWAYS_SEARCH_USER_PATHS = NO;
				CLANG_ANALYZER_LOCALIZABILITY_NONLOCALIZED = YES;
				CLANG_ANALYZER_NONNULL = YES;
				CLANG_ANALYZER_NUMBER_OBJECT_CONVERSION = YES_AGGRESSIVE;
				CLANG_CXX_LANGUAGE_STANDARD = "gnu++14";
				CLANG_CXX_LIBRARY = "libc++";
				CLANG_ENABLE_MODULES = YES;
				CLANG_ENABLE_OBJC_ARC = YES;
				CLANG_ENABLE_OBJC_WEAK = YES;
				CLANG_WARN_BLOCK_CAPTURE_AUTORELEASING = YES;
				CLANG_WARN_BOOL_CONVERSION = YES;
				CLANG_WARN_COMMA = YES;
				CLANG_WARN_CONSTANT_CONVERSION = YES;
				CLANG_WARN_DEPRECATED_OBJC_IMPLEMENTATIONS = YES;
				CLANG_WARN_DIRECT_OBJC_ISA_USAGE = YES_ERROR;
				CLANG_WARN_DOCUMENTATION_COMMENTS = YES;
				CLANG_WARN_EMPTY_BODY = YES;
				CLANG_WARN_ENUM_CONVERSION = YES;
				CLANG_WARN_INFINITE_RECURSION = YES;
				CLANG_WARN_INT_CONVERSION = YES;
				CLANG_WARN_NON_LITERAL_NULL_CONVERSION = YES;
				CLANG_WARN_OBJC_IMPLICIT_RETAIN_SELF = YES;
				CLANG_WARN_OBJC_LITERAL_CONVERSION = YES;
				CLANG_WARN_OBJC_ROOT_CLASS = YES_ERROR;
				CLANG_WARN_QUOTED_INCLUDE_IN_FRAMEWORK_HEADER = YES;
				CLANG_WARN_RANGE_LOOP_ANALYSIS = YES;
				CLANG_WARN_STRICT_PROTOTYPES = YES;
				CLANG_WARN_SUSPICIOUS_MOVE = YES;
				CLANG_WARN_UNGUARDED_AVAILABILITY = YES_AGGRESSIVE;
				CLANG_WARN_UNREACHABLE_CODE = YES;
				CLANG_WARN__DUPLICATE_METHOD_MATCH = YES;
				COPY_PHASE_STRIP = NO;
				DEBUG_INFORMATION_FORMAT = "dwarf-with-dsym";
				ENABLE_NS_ASSERTIONS = NO;
				ENABLE_STRICT_OBJC_MSGSEND = YES;
				GCC_C_LANGUAGE_STANDARD = gnu11;
				GCC_NO_COMMON_BLOCKS = YES;
				GCC_WARN_64_TO_32_BIT_CONVERSION = YES;
				GCC_WARN_ABOUT_RETURN_TYPE = YES_ERROR;
				GCC_WARN_UNDECLARED_SELECTOR = YES;
				GCC_WARN_UNINITIALIZED_AUTOS = YES_AGGRESSIVE;
				GCC_WARN_UNUSED_FUNCTION = YES;
				GCC_WARN_UNUSED_VARIABLE = YES;
				IPHONEOS_DEPLOYMENT_TARGET = 14.0;
				MTL_ENABLE_DEBUG_INFO = NO;
				MTL_FAST_MATH = YES;
				SDKROOT = iphoneos;
				SWIFT_COMPILATION_MODE = wholemodule;
				SWIFT_OPTIMIZATION_LEVEL = "-O";
				VALIDATE_PRODUCT = YES;
			};
			name = Release;
		};
		6321B61823E07CE700DC745D /* Debug */ = {
			isa = XCBuildConfiguration;
			buildSettings = {
				ALWAYS_EMBED_SWIFT_STANDARD_LIBRARIES = YES;
				ASSETCATALOG_COMPILER_APPICON_NAME = AppIcon;
				CODE_SIGN_ENTITLEMENTS = NationFlags/NationFlags.entitlements;
				CODE_SIGN_STYLE = Automatic;
				CURRENT_PROJECT_VERSION = 2;
				DEVELOPMENT_ASSET_PATHS = "\"NationFlags/Preview Content\"";
				DEVELOPMENT_TEAM = 45Z42MYT8F;
				ENABLE_PREVIEWS = YES;
				INFOPLIST_FILE = NationFlags/Info.plist;
				IPHONEOS_DEPLOYMENT_TARGET = 14.5;
				LD_RUNPATH_SEARCH_PATHS = (
					"$(inherited)",
					"@executable_path/Frameworks",
				);
				MARKETING_VERSION = 2.0.5;
				PRODUCT_BUNDLE_IDENTIFIER = com.vaclavikmartin.nationFlags;
				PRODUCT_NAME = "$(TARGET_NAME)";
				SWIFT_VERSION = 5.0;
				TARGETED_DEVICE_FAMILY = 1;
			};
			name = Debug;
		};
		6321B61923E07CE700DC745D /* Release */ = {
			isa = XCBuildConfiguration;
			buildSettings = {
				ALWAYS_EMBED_SWIFT_STANDARD_LIBRARIES = YES;
				ASSETCATALOG_COMPILER_APPICON_NAME = AppIcon;
				CODE_SIGN_ENTITLEMENTS = NationFlags/NationFlags.entitlements;
				CODE_SIGN_STYLE = Automatic;
				CURRENT_PROJECT_VERSION = 2;
				DEVELOPMENT_ASSET_PATHS = "\"NationFlags/Preview Content\"";
				DEVELOPMENT_TEAM = 45Z42MYT8F;
				ENABLE_PREVIEWS = YES;
				INFOPLIST_FILE = NationFlags/Info.plist;
				IPHONEOS_DEPLOYMENT_TARGET = 14.5;
				LD_RUNPATH_SEARCH_PATHS = (
					"$(inherited)",
					"@executable_path/Frameworks",
				);
				MARKETING_VERSION = 2.0.5;
				PRODUCT_BUNDLE_IDENTIFIER = com.vaclavikmartin.nationFlags;
				PRODUCT_NAME = "$(TARGET_NAME)";
				SWIFT_VERSION = 5.0;
				TARGETED_DEVICE_FAMILY = 1;
			};
			name = Release;
		};
		63EFEEAC254B00DA0031A325 /* Debug */ = {
			isa = XCBuildConfiguration;
			buildSettings = {
				ASSETCATALOG_COMPILER_GLOBAL_ACCENT_COLOR_NAME = AccentColor;
				ASSETCATALOG_COMPILER_WIDGET_BACKGROUND_COLOR_NAME = WidgetBackground;
				CODE_SIGN_ENTITLEMENTS = NationWidgetExtension.entitlements;
				CODE_SIGN_STYLE = Automatic;
				CURRENT_PROJECT_VERSION = 2;
				DEVELOPMENT_TEAM = 45Z42MYT8F;
				INFOPLIST_FILE = NationWidget/Info.plist;
				IPHONEOS_DEPLOYMENT_TARGET = 14.5;
				LD_RUNPATH_SEARCH_PATHS = (
					"$(inherited)",
					"@executable_path/Frameworks",
					"@executable_path/../../Frameworks",
				);
				MARKETING_VERSION = 2.0.5;
				PRODUCT_BUNDLE_IDENTIFIER = com.vaclavikmartin.nationFlags.NationWidget;
				PRODUCT_NAME = "$(TARGET_NAME)";
				SKIP_INSTALL = YES;
				SWIFT_VERSION = 5.0;
				TARGETED_DEVICE_FAMILY = 1;
			};
			name = Debug;
		};
		63EFEEAD254B00DA0031A325 /* Release */ = {
			isa = XCBuildConfiguration;
			buildSettings = {
				ASSETCATALOG_COMPILER_GLOBAL_ACCENT_COLOR_NAME = AccentColor;
				ASSETCATALOG_COMPILER_WIDGET_BACKGROUND_COLOR_NAME = WidgetBackground;
				CODE_SIGN_ENTITLEMENTS = NationWidgetExtension.entitlements;
				CODE_SIGN_STYLE = Automatic;
				CURRENT_PROJECT_VERSION = 2;
				DEVELOPMENT_TEAM = 45Z42MYT8F;
				INFOPLIST_FILE = NationWidget/Info.plist;
				IPHONEOS_DEPLOYMENT_TARGET = 14.5;
				LD_RUNPATH_SEARCH_PATHS = (
					"$(inherited)",
					"@executable_path/Frameworks",
					"@executable_path/../../Frameworks",
				);
				MARKETING_VERSION = 2.0.5;
				PRODUCT_BUNDLE_IDENTIFIER = com.vaclavikmartin.nationFlags.NationWidget;
				PRODUCT_NAME = "$(TARGET_NAME)";
				SKIP_INSTALL = YES;
				SWIFT_VERSION = 5.0;
				TARGETED_DEVICE_FAMILY = 1;
			};
			name = Release;
		};
/* End XCBuildConfiguration section */

/* Begin XCConfigurationList section */
		6321B5FB23E07CE500DC745D /* Build configuration list for PBXProject "NationFlags" */ = {
			isa = XCConfigurationList;
			buildConfigurations = (
				6321B61523E07CE700DC745D /* Debug */,
				6321B61623E07CE700DC745D /* Release */,
			);
			defaultConfigurationIsVisible = 0;
			defaultConfigurationName = Release;
		};
		6321B61723E07CE700DC745D /* Build configuration list for PBXNativeTarget "NationFlags" */ = {
			isa = XCConfigurationList;
			buildConfigurations = (
				6321B61823E07CE700DC745D /* Debug */,
				6321B61923E07CE700DC745D /* Release */,
			);
			defaultConfigurationIsVisible = 0;
			defaultConfigurationName = Release;
		};
		63EFEEAB254B00DA0031A325 /* Build configuration list for PBXNativeTarget "NationWidgetExtension" */ = {
			isa = XCConfigurationList;
			buildConfigurations = (
				63EFEEAC254B00DA0031A325 /* Debug */,
				63EFEEAD254B00DA0031A325 /* Release */,
			);
			defaultConfigurationIsVisible = 0;
			defaultConfigurationName = Release;
		};
/* End XCConfigurationList section */
	};
	rootObject = 6321B5F823E07CE500DC745D /* Project object */;
}
